# This file is autogenerated, do not edit; changes may be undone by the next 'dep ensure'.


[[projects]]
  digest = "1:5d72bbcc9c8667b11c3dc3cbe681c5a6f71e5096744c0bf7726ab5c6425d5dc4"
  name = "github.com/BurntSushi/toml"
  packages = ["."]
  pruneopts = "NUT"
  revision = "3012a1dbe2e4bd1391d42b32f0577cb7bbc7f005"
  version = "v0.3.1"

[[projects]]
  digest = "1:274651890019a26cb6758a9a28cf7000b863e7117004bd80e5c2d2279afbb30e"
  name = "github.com/Microsoft/go-winio"
  packages = [
    ".",
    "archive/tar",
    "backuptar",
    "pkg/guid",
  ]
  pruneopts = "NUT"
  revision = "6c72808b55902eae4c5943626030429ff20f3b63"
  version = "v0.4.14"

[[projects]]
  digest = "1:64541c49a1b189d587bec7bf1922030d4f5a1dec0e7bfa811853647d71c2c46d"
  name = "github.com/Microsoft/hcsshim"
  packages = [
    ".",
    "internal/cow",
    "internal/hcs",
    "internal/hcserror",
    "internal/hns",
    "internal/interop",
    "internal/log",
    "internal/logfields",
    "internal/longpath",
    "internal/mergemaps",
    "internal/oc",
    "internal/safefile",
    "internal/schema1",
    "internal/schema2",
    "internal/timeout",
    "internal/vmcompute",
    "internal/wclayer",
    "osversion",
  ]
  pruneopts = "NUT"
  revision = "b3f49c06ffaeef24d09c6c08ec8ec8425a0303e2"
  version = "v0.8.7"

[[projects]]
  digest = "1:dde06cba636162cd41df016518e771b1f1e156edadde221e04bd0c35f0564488"
  name = "github.com/VividCortex/ewma"
  packages = ["."]
  pruneopts = "NUT"
  revision = "b24eb346a94c3ba12c1da1e564dbac1b498a77ce"
  version = "v1.1.1"

[[projects]]
  digest = "1:707ebe952a8b3d00b343c01536c79c73771d100f63ec6babeaed5c79e2b8a8dd"
  name = "github.com/beorn7/perks"
  packages = ["quantile"]
  pruneopts = "NUT"
  revision = "37c8de3658fcb183f997c4e13e8337516ab753e6"
  version = "v1.0.1"

[[projects]]
  digest = "1:a0844838f37352490ed742a9bf2f32ad647e88d55f48fa6a25c4cf21d5469b2e"
  name = "github.com/cespare/xxhash"
  packages = ["v2"]
  pruneopts = "NUT"
  revision = "d7df74196a9e781ede915320c11c378c1b2f3a1f"
  version = "v2.1.1"

[[projects]]
  branch = "master"
  digest = "1:96141bea4ceedc105277a48bc1bed612dcd3ae2c6786aa5e68b1872bbd417982"
  name = "github.com/containerd/cgroups"
  packages = ["stats/v1"]
  pruneopts = "NUT"
  revision = "f26d9e0c03a97fa64284f27ecb8666a0c638a157"

[[projects]]
  branch = "master"
  digest = "1:e48c63e818c67fbf3d7afe20bba33134ab1a5bf384847385384fd027652a5a96"
  name = "github.com/containerd/continuity"
  packages = ["pathdriver"]
  pruneopts = "NUT"
  revision = "1097c8bae83b84cf3dfccfcc542e06c8c28ea3f4"

[[projects]]
  digest = "1:916fe82a562ed158f70a8bd057bcfaf3df6c464cecb0bff4a12b2690782cf45c"
  name = "github.com/containers/image"
  packages = [
    "v5/copy",
    "v5/directory",
    "v5/directory/explicitfilepath",
    "v5/docker",
    "v5/docker/archive",
    "v5/docker/daemon",
    "v5/docker/policyconfiguration",
    "v5/docker/reference",
    "v5/docker/tarfile",
    "v5/image",
    "v5/internal/pkg/keyctl",
    "v5/internal/tmpdir",
    "v5/manifest",
    "v5/oci/archive",
    "v5/oci/internal",
    "v5/oci/layout",
    "v5/openshift",
    "v5/ostree",
    "v5/pkg/blobinfocache",
    "v5/pkg/blobinfocache/boltdb",
    "v5/pkg/blobinfocache/internal/prioritize",
    "v5/pkg/blobinfocache/memory",
    "v5/pkg/blobinfocache/none",
    "v5/pkg/compression",
    "v5/pkg/compression/internal",
    "v5/pkg/compression/types",
    "v5/pkg/docker/config",
    "v5/pkg/strslice",
    "v5/pkg/sysregistriesv2",
    "v5/pkg/tlsclientconfig",
    "v5/signature",
    "v5/storage",
    "v5/tarball",
    "v5/transports",
    "v5/transports/alltransports",
    "v5/types",
    "v5/version",
  ]
  pruneopts = "NUT"
  revision = "6dbed6e4847ccda0a82a8b72de66e6257fb0edda"

[[projects]]
  branch = "master"
  digest = "1:04d904e0780d32d4604103cfd66adac6c7b7c7a4165af4bd99cba613206aa1bd"
  name = "github.com/containers/libtrust"
  packages = ["."]
  pruneopts = "NUT"
  revision = "14b96171aa3b7be82ffc4aef3b6942125120ebd4"

[[projects]]
  branch = "master"
  digest = "1:61043cc521a2c12a450114ccb32ce47ec9477ab35310183c60a75005ece27b76"
  name = "github.com/containers/ocicrypt"
  packages = [
    ".",
    "blockcipher",
    "config",
    "keywrap",
    "keywrap/jwe",
    "keywrap/pgp",
    "keywrap/pkcs7",
    "spec",
    "utils",
  ]
  pruneopts = "NUT"
  revision = "142388cb70de0fe8c7edd921df79e477ab8b3051"

[[projects]]
  digest = "1:bf20bc49546de3d6c4022ca764a5205c6c7af4d67c9b2760848d9ccea8013bf7"
  name = "github.com/containers/storage"
  packages = [
    ".",
    "drivers",
    "drivers/aufs",
    "drivers/btrfs",
    "drivers/copy",
    "drivers/devmapper",
    "drivers/overlay",
    "drivers/overlayutils",
    "drivers/quota",
    "drivers/register",
    "drivers/vfs",
    "drivers/windows",
    "drivers/zfs",
    "pkg/archive",
    "pkg/chrootarchive",
    "pkg/config",
    "pkg/devicemapper",
    "pkg/directory",
    "pkg/dmesg",
    "pkg/fileutils",
    "pkg/fsutils",
    "pkg/homedir",
    "pkg/idtools",
    "pkg/ioutils",
    "pkg/locker",
    "pkg/lockfile",
    "pkg/longpath",
    "pkg/loopback",
    "pkg/mount",
    "pkg/parsers",
    "pkg/parsers/kernel",
    "pkg/pools",
    "pkg/promise",
    "pkg/reexec",
    "pkg/stringid",
    "pkg/stringutils",
    "pkg/system",
    "pkg/tarlog",
    "pkg/truncindex",
  ]
  pruneopts = "NUT"
  revision = "7bb9317d53c232a83be3d9cf379461abf75e3d78"
  version = "v1.15.3"

[[projects]]
  digest = "1:ffe9824d294da03b391f44e1ae8281281b4afc1bdaa9588c9097785e3af10cec"
  name = "github.com/davecgh/go-spew"
  packages = ["spew"]
  pruneopts = "NUT"
  revision = "8991bc29aa16c548c550c7ff78260e27b9ab7c73"
  version = "v1.1.1"

[[projects]]
  digest = "1:104b2544835a8b79584189f6ea801b21a6ee18105951c11d2494a90b33fab401"
  name = "github.com/docker/distribution"
  packages = [
    ".",
    "digestset",
    "metrics",
    "reference",
    "registry/api/errcode",
    "registry/api/v2",
    "registry/client",
    "registry/client/auth/challenge",
    "registry/client/transport",
    "registry/storage/cache",
    "registry/storage/cache/memory",
  ]
  pruneopts = "NUT"
  revision = "2461543d988979529609e8cb6fca9ca190dc48da"
  version = "v2.7.1"

[[projects]]
  digest = "1:5e915cc2f3f409c8a2109d3e8bcddfa0c1a05429124e3e993d6962d26da02f9e"
  name = "github.com/docker/docker"
  packages = [
    "api",
    "api/types",
    "api/types/blkiodev",
    "api/types/container",
    "api/types/events",
    "api/types/filters",
    "api/types/image",
    "api/types/mount",
    "api/types/network",
    "api/types/registry",
    "api/types/strslice",
    "api/types/swarm",
    "api/types/swarm/runtime",
    "api/types/time",
    "api/types/versions",
    "api/types/volume",
    "client",
    "pkg/homedir",
    "pkg/idtools",
    "pkg/mount",
    "pkg/system",
  ]
  pruneopts = "NUT"
  revision = "da99009bbb1165d1ac5688b5c81d2f589d418341"

[[projects]]
  digest = "1:9f3f49b4e32d3da2dd6ed07cc568627b53cc80205c0dcf69f4091f027416cb60"
  name = "github.com/docker/docker-credential-helpers"
  packages = [
    "client",
    "credentials",
  ]
  pruneopts = "NUT"
  revision = "54f0238b6bf101fc3ad3b34114cb5520beb562f5"
  version = "v0.6.3"

[[projects]]
  digest = "1:2a47f7eb1a2c30428d1ee6808cb66d4deb17e68a3e55d696f03c8068552ba5e8"
  name = "github.com/docker/go-connections"
  packages = [
    "nat",
    "sockets",
    "tlsconfig",
  ]
  pruneopts = "NUT"
  revision = "7395e3f8aa162843a74ed6d48e79627d9792ac55"
  version = "v0.4.0"

[[projects]]
  digest = "1:c49ecccb8abda39a5a48a99267d6abfdf37f59f1c7fdbcbe04b3b9afc3ab625d"
  name = "github.com/docker/go-metrics"
  packages = ["."]
  pruneopts = "NUT"
  revision = "b619b3592b65de4f087d9f16863a7e6ff905973c"
  version = "v0.0.1"

[[projects]]
  digest = "1:97176fe8a268479a527d08df458c269dc27abf59c1643807d4e36398cbd9ef2d"
  name = "github.com/docker/go-units"
  packages = ["."]
  pruneopts = "NUT"
  revision = "519db1ee28dcc9fd2474ae59fca29a810482bfb1"
  version = "v0.4.0"

[[projects]]
  digest = "1:3a4c90791db3bf894a26cf6ffc0f792a31d0f225664c38b0577f02a36bc0cda7"
  name = "github.com/etcd-io/bbolt"
  packages = ["."]
  pruneopts = "NUT"
  revision = "a0458a2b35708eef59eb5f620ceb3cd1c01a824d"
  version = "v1.3.3"

[[projects]]
  digest = "1:b0d5e98ac0f0a509eb320f542e748582d637aae09e74538212e9712d1e71064b"
  name = "github.com/fatih/color"
  packages = ["."]
  pruneopts = "NUT"
  revision = "570b54cabe6b8eb0bc2dfce68d964677d63b5260"
  version = "v1.5.0"

[[projects]]
  branch = "master"
  digest = "1:d9b904be8545d671adc177c8d42b7ce74d72fdc682169b60e742a546cb4d4180"
  name = "github.com/fullsailor/pkcs7"
  packages = ["."]
  pruneopts = "NUT"
  revision = "d7302db945fa6ea264fb79d8e13e931ea514a602"

[[projects]]
  digest = "1:81466b4218bf6adddac2572a30ac733a9255919bc2f470b4827a317bd4ee1756"
  name = "github.com/ghodss/yaml"
  packages = ["."]
  pruneopts = "NUT"
  revision = "0ca9ea5df5451ffdf184b4428c902747c2c11cd7"
  version = "v1.0.0"

[[projects]]
  digest = "1:12d0e1c90b8ac588d97e90b642d065af77b749436ad9bd3b80c05566ae17d272"
  name = "github.com/gogo/protobuf"
  packages = [
    "gogoproto",
    "proto",
    "protoc-gen-gogo/descriptor",
    "sortkeys",
  ]
  pruneopts = "NUT"
  revision = "5628607bb4c51c3157aacc3a50f0ab707582b805"
  version = "v1.3.1"

[[projects]]
  branch = "master"
  digest = "1:b7cb6054d3dff43b38ad2e92492f220f57ae6087ee797dca298139776749ace8"
  name = "github.com/golang/groupcache"
  packages = ["lru"]
  pruneopts = "NUT"
  revision = "611e8accdfc92c4187d399e95ce826046d4c8d73"

[[projects]]
  branch = "master"
  digest = "1:a06187c7498a14ab96bb909e09af9ce1687678f355b775bcf1dc84729e2a2100"
  name = "github.com/golang/protobuf"
  packages = [
    "proto",
    "ptypes",
    "ptypes/any",
    "ptypes/duration",
    "ptypes/timestamp",
  ]
  pruneopts = "NUT"
  revision = "ed6926b37a637426117ccab59282c3839528a700"

[[projects]]
  digest = "1:52c5834e2bebac9030c97cc0798ac11c3aa8a39f098aeb419f142533da6cd3cc"
  name = "github.com/google/gofuzz"
  packages = ["."]
  pruneopts = "NUT"
  revision = "f140a6486e521aad38f5917de355cbf147cc0496"
  version = "v1.0.0"

[[projects]]
  digest = "1:5e092394bed250d7fda36cef8b7e1d22bb2d5f71878bbb137be5fc1c2705f965"
  name = "github.com/googleapis/gnostic"
  packages = [
    "OpenAPIv2",
    "compiler",
    "extensions",
  ]
  pruneopts = "NUT"
  revision = "ab0dd09aa10e2952b28e12ecd35681b20463ebab"
  version = "v0.3.1"

[[projects]]
  digest = "1:3c8c26bb118e3f02230d4f5f30b972dbfe0c6b371acea8f190aa99ceaaae7028"
  name = "github.com/gorilla/mux"
  packages = ["."]
  pruneopts = "NUT"
  revision = "00bdffe0f3c77e27d2cf6f5c70232a2d3e4d9c15"
  version = "v1.7.3"

[[projects]]
  digest = "1:b1559b664503c1bb85be5b8fdaaa86c4e6e773947214ff57c377bcbd65a98d4f"
  name = "github.com/hashicorp/go-hclog"
  packages = ["."]
  pruneopts = "NUT"
  revision = "234833755cb25ae46996d0ef823326f492f89243"
  version = "v0.10.0"

[[projects]]
  digest = "1:980fd2c6afd6c268284d46dd66671771184a4002f6d516492cc596d2ca003543"
  name = "github.com/hashicorp/go-plugin"
  packages = [
    ".",
    "internal/plugin",
  ]
  pruneopts = "NUT"
  revision = "a1bc61569a26c0f65865932c0d55743b0567c494"

[[projects]]
  branch = "master"
  digest = "1:26f63172b8c0484ef9805697291cecd0ea265fbbe088bfeb90fda646d66ba208"
  name = "github.com/hashicorp/yamux"
  packages = ["."]
  pruneopts = "NUT"
  revision = "df201c70410deac145ff09e1126f3f8834ead1ec"

[[projects]]
  digest = "1:7c47a990a91ab4922f4009c8ba8dcf35dad08e2b697cf26ea87eaae90e3f7aa1"
  name = "github.com/imdario/mergo"
  packages = ["."]
  pruneopts = "NUT"
  revision = "1afb36080aec31e0d1528973ebe6721b191b0369"
  version = "v0.3.8"

[[projects]]
  digest = "1:406338ad39ab2e37b7f4452906442a3dbf0eb3379dd1f06aafb5c07e769a5fbb"
  name = "github.com/inconshreveable/mousetrap"
  packages = ["."]
  pruneopts = "NUT"
  revision = "76626ae9c91c4f2a10f34cad8ce83ea42c93bb75"
  version = "v1.0"

[[projects]]
  digest = "1:0243cffa4a3410f161ee613dfdd903a636d07e838a42d341da95d81f42cd1d41"
  name = "github.com/json-iterator/go"
  packages = ["."]
  pruneopts = "NUT"
  revision = "ab8a2e0c74be9d3be70b3184d9acc634935ded82"
  version = "1.1.4"

[[projects]]
  digest = "1:a37bb096aed79634ea2391318d83d4b20a360991f55e28ecae2d054f5e0f74f7"
  name = "github.com/klauspost/compress"
  packages = [
    "flate",
    "fse",
    "huff0",
    "snappy",
    "zstd",
    "zstd/internal/xxhash",
  ]
  pruneopts = "NUT"
  revision = "438db640fd672278e44bb9bec0b979358e7e9c76"
  version = "v1.9.4"

[[projects]]
  digest = "1:f3f3545a30b934b75ad9cf9c7e9543f84f1d1aee3e534f6d01ab1776fa519fb9"
  name = "github.com/klauspost/pgzip"
  packages = ["."]
  pruneopts = "NUT"
  revision = "083b1c3f84dd6486588802e5ce295de3a7f41a8b"
  version = "v1.2.1"

[[projects]]
  digest = "1:58999a98719fddbac6303cb17e8d85b945f60b72f48e3a2df6b950b97fa926f1"
  name = "github.com/konsorten/go-windows-terminal-sequences"
  packages = ["."]
  pruneopts = "NUT"
  revision = "f55edac94c9bbba5d6182a4be46d86a2c9b5b50e"
  version = "v1.0.2"

[[projects]]
  branch = "release-1.2.0"
  digest = "1:33add236dfce834b8a9d2d171d5a05b13ef02892b79e7e742600bfd782750b1d"
  name = "github.com/konveyor/openshift-velero-plugin"
  packages = [
    "velero-plugins/build",
    "velero-plugins/buildconfig",
    "velero-plugins/clients",
    "velero-plugins/common",
    "velero-plugins/cronjob",
    "velero-plugins/daemonset",
    "velero-plugins/deployment",
    "velero-plugins/deploymentconfig",
    "velero-plugins/job",
    "velero-plugins/replicaset",
    "velero-plugins/replicationcontroller",
    "velero-plugins/route",
    "velero-plugins/secret",
    "velero-plugins/service",
    "velero-plugins/serviceaccount",
    "velero-plugins/statefulset",
  ]
  pruneopts = "NUT"
  revision = "4d55378a6c7d9f0df9aeba1a108af86b2816d46e"

[[projects]]
  digest = "1:bced2617aac935b7931d43bdd5fd5ef3eacbb52291c61e423afe8037f6dd95f9"
  name = "github.com/mattn/go-colorable"
  packages = ["."]
  pruneopts = "NUT"
  revision = "98ec13f34aabf44cc914c65a1cfb7b9bc815aef1"
  version = "v0.1.4"

[[projects]]
  digest = "1:046ef248b5b3f2a9f547e93a9d18d319b2a906b92720a037452a888d48818e2d"
  name = "github.com/mattn/go-isatty"
  packages = ["."]
  pruneopts = "NUT"
  revision = "31745d66dd679ac0ac4f8d3ecff168fce6170c6a"
  version = "v0.0.11"

[[projects]]
  digest = "1:4b2306af96f5b67269c66bc06422c6469a7c18afeeb0b721f3ec34a1112a7cbe"
  name = "github.com/mattn/go-shellwords"
  packages = ["."]
  pruneopts = "NUT"
  revision = "36a9b3c57cb5caa559ff63fb7e9b585f1c00df75"
  version = "v1.0.6"

[[projects]]
  digest = "1:5985ef4caf91ece5d54817c11ea25f182697534f8ae6521eadcd628c142ac4b6"
  name = "github.com/matttproud/golang_protobuf_extensions"
  packages = ["pbutil"]
  pruneopts = "NUT"
  revision = "c12348ce28de40eed0136aa2b644d0ee0650e56c"
  version = "v1.0.1"

[[projects]]
  digest = "1:7a1d6263dc82155642583b60ec7f7d8aba3bc65bc5c8aabc23b4efb6b4fcc4f0"
  name = "github.com/mistifyio/go-zfs"
  packages = ["."]
  pruneopts = "NUT"
  revision = "cdc0f941c4d0e0e94d85348285568d921891e138"
  version = "v2.1.1"

[[projects]]
  digest = "1:18b773b92ac82a451c1276bd2776c1e55ce057ee202691ab33c8d6690efcc048"
  name = "github.com/mitchellh/go-testing-interface"
  packages = ["."]
  pruneopts = "NUT"
  revision = "6d0b8010fcc857872e42fc6c931227569016843c"
  version = "v1.0.0"

[[projects]]
  digest = "1:2f42fa12d6911c7b7659738758631bec870b7e9b4c6be5444f963cdcfccc191f"
  name = "github.com/modern-go/concurrent"
  packages = ["."]
  pruneopts = "NUT"
  revision = "bacd9c7ef1dd9b15be4a9909b8ac7a4e313eec94"
  version = "1.0.3"

[[projects]]
  digest = "1:c6aca19413b13dc59c220ad7430329e2ec454cc310bc6d8de2c7e2b93c18a0f6"
  name = "github.com/modern-go/reflect2"
  packages = ["."]
  pruneopts = "NUT"
  revision = "4b7aa43c6742a2c18fdef89dd197aaae7dac7ccd"
  version = "1.0.1"

[[projects]]
  branch = "master"
  digest = "1:88a19b9585da51239884c1e556bfc9989dbd4361221a4a20497dedff9fce55c3"
  name = "github.com/mtrmac/gpgme"
  packages = ["."]
  pruneopts = "NUT"
  revision = "b2432428689ca58c2b8e8dea9449d3295cf96fc9"

[[projects]]
  digest = "1:3b517122f3aad1ecce45a630ea912b3092b4729f25532a911d0cb2935a1f9352"
  name = "github.com/oklog/run"
  packages = ["."]
  pruneopts = "NUT"
  revision = "4dadeb3030eda0273a12382bb2348ffc7c9d1a39"
  version = "v1.0.0"

[[projects]]
  digest = "1:e0cc8395ea893c898ff5eb0850f4d9851c1f57c78c232304a026379a47a552d0"
  name = "github.com/opencontainers/go-digest"
  packages = ["."]
  pruneopts = "NUT"
  revision = "279bed98673dd5bef374d3b6e4b09e2af76183bf"
  version = "v1.0.0-rc1"

[[projects]]
  digest = "1:1e5699c6925e1662c2f5c6beeb27e32a1f2baf4546c3f96d69e60273903c4b9a"
  name = "github.com/opencontainers/image-spec"
  packages = [
    "specs-go",
    "specs-go/v1",
  ]
  pruneopts = "NUT"
  revision = "775207bd45b6cb8153ce218cc59351799217451f"

[[projects]]
  digest = "1:ea8780346eba74e5eb3e8b6bded2ec46c1c81cd745bc00e9964b730955bf4252"
  name = "github.com/opencontainers/runc"
  packages = [
    "libcontainer/system",
    "libcontainer/user",
  ]
  pruneopts = "NUT"
  revision = "baf6536d6259209c3edfa2b22237af82942d3dfa"
  version = "v0.1.1"

[[projects]]
  digest = "1:13a9ef7516b4341849ea7ade3efdd3028ae4d3874d78dfa00ca39b28e15582ea"
  name = "github.com/opencontainers/selinux"
  packages = [
    "go-selinux",
    "go-selinux/label",
  ]
  pruneopts = "NUT"
  revision = "bd4431961747d849bd92a9853f63f05235344637"
  version = "1.3.0"

[[projects]]
  branch = "release-4.2"
  digest = "1:8ae3f17cbbec55389c8fe1e72314d095f830e03796fc64f09679dd142d5b04d2"
  name = "github.com/openshift/api"
  packages = [
    "apps/v1",
    "authorization/v1",
    "build/v1",
    "image/docker10",
    "image/dockerpre012",
    "image/v1",
    "pkg/serialization",
    "route/v1",
    "security/v1",
  ]
  pruneopts = "NUT"
  revision = "d4a64ec2cbd86f11ea74dfdcf6520d5833d0c6cd"

[[projects]]
  branch = "release-4.2"
  digest = "1:cb2b561a422d19afd04e51782e6351f7ad1c510364e5538fc3bbebb296653857"
  name = "github.com/openshift/client-go"
  packages = [
    "apps/clientset/versioned/scheme",
    "apps/clientset/versioned/typed/apps/v1",
    "build/clientset/versioned/scheme",
    "build/clientset/versioned/typed/build/v1",
    "image/clientset/versioned/scheme",
    "image/clientset/versioned/typed/image/v1",
    "route/clientset/versioned/scheme",
    "route/clientset/versioned/typed/route/v1",
    "security/clientset/versioned/scheme",
    "security/clientset/versioned/typed/security/v1",
  ]
  pruneopts = "NUT"
  revision = "5a5508328169b8a6992ea4ef711add89ddce3c6d"

[[projects]]
  branch = "release-4.2"
  digest = "1:d7da23741e2be291bda3be66c16887a9bbebf48a1ea133a5fcd210c02b8ccee0"
  name = "github.com/openshift/library-go"
  packages = [
    "pkg/image/internal/digest",
    "pkg/image/internal/reference",
    "pkg/image/reference",
  ]
  pruneopts = "NUT"
  revision = "61f035b9264717e7eea25dfe9db1cc2cb69d7530"

[[projects]]
  branch = "master"
  digest = "1:493b611d1b17717c3b244e75395c6925686d34f8ee5258ca9ab6312f625955f5"
  name = "github.com/ostreedev/ostree-go"
  packages = [
    "pkg/glibobject",
    "pkg/otbuiltin",
  ]
  pruneopts = "NUT"
  revision = "759a8c1ac9139c5603b4324947bcc7d8127784ee"

[[projects]]
  digest = "1:14715f705ff5dfe0ffd6571d7d201dd8e921030f8070321a79380d8ca4ec1a24"
  name = "github.com/pkg/errors"
  packages = ["."]
  pruneopts = "NUT"
  revision = "ba968bfe8b2f7e042a574c888954fccecfa385b4"
  version = "v0.8.1"

[[projects]]
  branch = "master"
  digest = "1:1a5310b334781ab98c3b28ce18358414a047b451654ae44edbf778ca899c094c"
  name = "github.com/pquerna/ffjson"
  packages = [
    "fflib/v1",
    "fflib/v1/internal",
    "inception",
    "shared",
  ]
  pruneopts = "NUT"
  revision = "aa0246cd15f76c96de6b96f22a305bdfb2d1ec02"

[[projects]]
  digest = "1:03e26cff67499d48a12426d7fa7733cedeb5f8cc840a1889ff82de06ba7e7077"
  name = "github.com/prometheus/client_golang"
  packages = [
    "prometheus",
    "prometheus/internal",
    "prometheus/promhttp",
  ]
  pruneopts = "NUT"
  revision = "55450579111f95e3722cb93dec62fe9e847d6130"
  version = "v1.2.1"

[[projects]]
  branch = "master"
  digest = "1:982be0b5396e16a663697899ce69cc7b1e71ddcae4153af157578d4dc9bc3f88"
  name = "github.com/prometheus/client_model"
  packages = ["go"]
  pruneopts = "NUT"
  revision = "d1d2010b5beead3fa1c5f271a5cf626e40b3ad6e"

[[projects]]
  digest = "1:98278956c7c550efc75a027e528aa51743f06fd0e33613d7ed224432a11e5ecf"
  name = "github.com/prometheus/common"
  packages = [
    "expfmt",
    "internal/bitbucket.org/ww/goautoneg",
    "model",
  ]
  pruneopts = "NUT"
  revision = "287d3e634a1e550c9e463dd7e5a75a422c614505"
  version = "v0.7.0"

[[projects]]
  digest = "1:a4b063a766f50cdadc1fce12053e3bde8599f1f8b7621d7e293cd2fc86543a44"
  name = "github.com/prometheus/procfs"
  packages = [
    ".",
    "internal/fs",
    "internal/util",
  ]
  pruneopts = "NUT"
  revision = "6d489fc7f1d9cd890a250f3ea3431b1744b9623f"
  version = "v0.0.8"

[[projects]]
  digest = "1:f4aaa07a6c33f2b354726d0571acbc8ca118837c75709f6353203ae1a3f8eeab"
  name = "github.com/sirupsen/logrus"
  packages = ["."]
  pruneopts = "NUT"
  revision = "839c75faf7f98a33d445d181f3018b5c3409a45e"
  version = "v1.4.2"

[[projects]]
  digest = "1:d3533ee568fc00a971617ec09dc0f0b3eddfb4adbc1275f8f6332553d67506b4"
  name = "github.com/spf13/cobra"
  packages = ["."]
  pruneopts = "NUT"
  revision = "f2b07da1e2c38d5f12845a4f607e2e1018cbb1f5"
  version = "v0.0.5"

[[projects]]
  digest = "1:d115708a27806831d1babbc6f28a7478ddf8e32a7095507c816e2515fb03a810"
  name = "github.com/spf13/pflag"
  packages = ["."]
  pruneopts = "NUT"
  revision = "2e9d26c8c37aae03e3f9d4e90b7116f5accb7cab"
  version = "v1.0.5"

[[projects]]
  branch = "master"
  digest = "1:e14e467ed00ab98665623c5060fa17e3d7079be560ffc33cabafd05d35894f05"
  name = "github.com/syndtr/gocapability"
  packages = ["capability"]
  pruneopts = "NUT"
  revision = "d98352740cb2c55f81556b63d4a1ec64c5a319c2"

[[projects]]
  digest = "1:fb774e3bb85aaa1eba3f2b9fc232bb2b045adc977d33d24cf553e51aac955bfa"
  name = "github.com/tchap/go-patricia"
  packages = ["patricia"]
  pruneopts = "NUT"
  revision = "a7f0089c6f496e8e70402f61733606daa326cac5"
  version = "v2.3.0"

[[projects]]
  digest = "1:5f252b001e9573efb54ffae53b96bb5bfa4963afec4f35d607121ebb4a4dff81"
  name = "github.com/ulikunitz/xz"
  packages = [
    ".",
    "internal/hash",
    "internal/xlog",
    "lzma",
  ]
  pruneopts = "NUT"
  revision = "6f934d456d51e742b4eeab20d925a827ef22320a"
  version = "v0.5.6"

[[projects]]
  digest = "1:89ad20dbfd31a97fb68c073cd1e6ed32bdcee9c0086d5428009c89680a2d1ff5"
  name = "github.com/vbatts/tar-split"
  packages = [
    "archive/tar",
    "tar/asm",
    "tar/storage",
  ]
  pruneopts = "NUT"
  revision = "620714a4c508c880ac1bdda9c8370a2b19af1a55"
  version = "v0.11.1"

[[projects]]
  digest = "1:e887ec3a2094474eb5a254eecbd5734db2158c35ca02a769a676c151df294705"
  name = "github.com/vbauerster/mpb"
  packages = [
    "v4",
    "v4/cwriter",
    "v4/decor",
    "v4/internal",
  ]
  pruneopts = "NUT"
  revision = "fe79a6024ed295522b4f25fa14d23969c65c6415"
  version = "v4.11.1"

[[projects]]
  branch = "konveyor-dev"
  digest = "1:edb54d8509ea6f5479d4d50f578db931dae48711b50ab4b168b5823bf4f33302"
  name = "github.com/vmware-tanzu/velero"
  packages = [
    "pkg/apis/velero/v1",
    "pkg/cmd/util/flag",
    "pkg/plugin/framework",
    "pkg/plugin/generated",
    "pkg/plugin/velero",
    "pkg/util/logging",
  ]
  pruneopts = "NUT"
  revision = "eafaef2a4fb13029d7533e501dc57f9073f4e06b"
  source = "github.com/konveyor/velero.git"

[[projects]]
  digest = "1:2e6b1e2a89a8d2002911658aef7b77e512d80376a19ff564631ae0b0daaf1c9e"
  name = "go.opencensus.io"
  packages = [
    ".",
    "internal",
    "trace",
    "trace/internal",
    "trace/tracestate",
  ]
  pruneopts = "NUT"
  revision = "aad2c527c5defcf89b5afab7f37274304195a6b2"
  version = "v0.22.2"

[[projects]]
  branch = "master"
  digest = "1:ceea094ac97a04ee033814161cd6c18de83e366912993979aa47ce964e7e956a"
  name = "golang.org/x/crypto"
  packages = [
    "cast5",
    "ed25519",
    "ed25519/internal/edwards25519",
    "openpgp",
    "openpgp/armor",
    "openpgp/elgamal",
    "openpgp/errors",
    "openpgp/packet",
    "openpgp/s2k",
    "pbkdf2",
    "ssh/terminal",
  ]
  pruneopts = "NUT"
  revision = "e9b2fee46413994441b28dfca259d911d963dfed"

[[projects]]
  branch = "master"
  digest = "1:9d830a1f649506314c7c4cce34d07452da4635a7291de6425ea52e5d0478b345"
  name = "golang.org/x/net"
  packages = [
    "context",
    "context/ctxhttp",
    "http/httpguts",
    "http2",
    "http2/hpack",
    "idna",
    "internal/socks",
    "internal/timeseries",
    "proxy",
    "trace",
  ]
  pruneopts = "NUT"
  revision = "c0dbc17a35534bf2e581d7a942408dc936316da4"

[[projects]]
  branch = "master"
  digest = "1:9b81fa6bfce070f7cc90a6fd7d6e2a52ecf5ec0dcc2de264b8dbbe6ee338de10"
  name = "golang.org/x/oauth2"
  packages = [
    ".",
    "internal",
  ]
  pruneopts = "NUT"
  revision = "858c2ad4c8b6c5d10852cb89079f6ca1c7309787"

[[projects]]
  branch = "master"
  digest = "1:382bb5a7fb4034db3b6a2d19e5a4a6bcf52f4750530603c01ca18a172fa3089b"
  name = "golang.org/x/sync"
  packages = ["semaphore"]
  pruneopts = "NUT"
  revision = "cd5d95a43a6e21273425c7ae415d3df9ea832eeb"

[[projects]]
  digest = "1:86d8c4f8a07d82c15416713ef9a60faa0a66c38a8712e2b5d44d5df1f037747f"
  name = "golang.org/x/sys"
  packages = [
    "unix",
    "windows",
  ]
  pruneopts = "NUT"
  revision = "63cb32ae39b28d6bb8e7e215c1fc39dd80dcdb02"

[[projects]]
  digest = "1:8d8faad6b12a3a4c819a3f9618cb6ee1fa1cfc33253abeeea8b55336721e3405"
  name = "golang.org/x/text"
  packages = [
    "collate",
    "collate/build",
    "internal/colltab",
    "internal/gen",
    "internal/language",
    "internal/language/compact",
    "internal/tag",
    "internal/triegen",
    "internal/ucd",
    "language",
    "secure/bidirule",
    "transform",
    "unicode/bidi",
    "unicode/cldr",
    "unicode/norm",
    "unicode/rangetable",
  ]
  pruneopts = "NUT"
  revision = "342b2e1fbaa52c93f31447ad2c6abc048c63e475"
  version = "v0.3.2"

[[projects]]
  branch = "master"
  digest = "1:a2f668c709f9078828e99cb1768cb02e876cb81030545046a32b54b2ac2a9ea8"
  name = "golang.org/x/time"
  packages = ["rate"]
  pruneopts = "NUT"
  revision = "555d28b269f0569763d25dbe1a237ae74c6bcc82"

[[projects]]
  digest = "1:c8131c929081f0fa26901a27eec93162a44afb3fc89a38573520dd4e3f1b1621"
  name = "google.golang.org/appengine"
  packages = [
    "internal",
    "internal/base",
    "internal/datastore",
    "internal/log",
    "internal/remote_api",
    "internal/urlfetch",
    "urlfetch",
  ]
  pruneopts = "NUT"
  revision = "971852bfffca25b069c31162ae8f247a3dba083b"
  version = "v1.6.5"

[[projects]]
  branch = "master"
  digest = "1:583a0c80f5e3a9343d33aea4aead1e1afcc0043db66fdf961ddd1fe8cd3a4faf"
  name = "google.golang.org/genproto"
  packages = ["googleapis/rpc/status"]
  pruneopts = "NUT"
  revision = "b31c10ee225f87dbb9f5f878ead9d64f34f5cbbb"

[[projects]]
  digest = "1:0b1629e326b8754726e94f2c3acc87fbc6669a6c1e36ab059bdde62462ccd1a2"
  name = "google.golang.org/grpc"
  packages = [
    ".",
    "balancer",
    "balancer/base",
    "balancer/roundrobin",
    "binarylog/grpc_binarylog_v1",
    "codes",
    "connectivity",
    "credentials",
    "credentials/internal",
    "encoding",
    "encoding/proto",
    "grpclog",
    "health",
    "health/grpc_health_v1",
    "internal",
    "internal/backoff",
    "internal/binarylog",
    "internal/channelz",
    "internal/envconfig",
    "internal/grpcrand",
    "internal/grpcsync",
    "internal/syscall",
    "internal/transport",
    "keepalive",
    "metadata",
    "naming",
    "peer",
    "resolver",
    "resolver/dns",
    "resolver/passthrough",
    "stats",
    "status",
    "tap",
  ]
  pruneopts = "NUT"
  revision = "3507fb8e1a5ad030303c106fef3a47c9fdad16ad"
  version = "v1.19.1"

[[projects]]
  digest = "1:2d1fbdc6777e5408cabeb02bf336305e724b925ff4546ded0fa8715a7267922a"
  name = "gopkg.in/inf.v0"
  packages = ["."]
  pruneopts = "NUT"
  revision = "d2d2541c53f18d2a059457998ce2876cc8e67cbf"
  version = "v0.9.1"

[[projects]]
  digest = "1:2d7bda624b14f50bca53e6bf4187bd409fb2d6ef89a44ea99ae50404b30db738"
  name = "gopkg.in/square/go-jose.v2"
  packages = [
    ".",
    "cipher",
    "json",
  ]
  pruneopts = "NUT"
  revision = "4ef0f1b175ccd65472d154e1207c4d7b8102545f"
  version = "v2.4.1"

[[projects]]
  digest = "1:1532269ea4c7a7fcb29639a46318dd00c0f99c2f308a2a2860acf5b5354b8acc"
  name = "gopkg.in/yaml.v2"
  packages = ["."]
  pruneopts = "NUT"
  revision = "1f64d6156d11335c3f22d9330b0ad14fc1e789ce"
  version = "v2.2.7"

[[projects]]
  digest = "1:760e08df99c3c3b53764ef7c41c03ea9d90e8594d9df42364d9209e99a0352e1"
  name = "k8s.io/api"
  packages = [
    "admissionregistration/v1beta1",
    "apps/v1",
    "apps/v1beta1",
    "apps/v1beta2",
    "auditregistration/v1alpha1",
    "authentication/v1",
    "authentication/v1beta1",
    "authorization/v1",
    "authorization/v1beta1",
    "autoscaling/v1",
    "autoscaling/v2beta1",
    "autoscaling/v2beta2",
    "batch/v1",
    "batch/v1beta1",
    "batch/v2alpha1",
    "certificates/v1beta1",
    "coordination/v1",
    "coordination/v1beta1",
    "core/v1",
    "events/v1beta1",
    "extensions/v1beta1",
    "networking/v1",
    "networking/v1beta1",
    "node/v1alpha1",
    "node/v1beta1",
    "policy/v1beta1",
    "rbac/v1",
    "rbac/v1alpha1",
    "rbac/v1beta1",
    "scheduling/v1",
    "scheduling/v1alpha1",
    "scheduling/v1beta1",
    "settings/v1alpha1",
    "storage/v1",
    "storage/v1alpha1",
    "storage/v1beta1",
  ]
  pruneopts = "NUT"
  revision = "3544db3b9e4494309507e02eced5cd9dcff47e6a"
  version = "kubernetes-1.15.3"

[[projects]]
  digest = "1:d8948a8e44ec1f0deb72d4a4f393a81094e58134122c7ac14e5ff3cadd1dcf23"
  name = "k8s.io/apimachinery"
  packages = [
    "pkg/api/errors",
    "pkg/api/meta",
    "pkg/api/resource",
    "pkg/apis/meta/v1",
    "pkg/apis/meta/v1/unstructured",
    "pkg/conversion",
    "pkg/conversion/queryparams",
    "pkg/fields",
    "pkg/labels",
    "pkg/runtime",
    "pkg/runtime/schema",
    "pkg/runtime/serializer",
    "pkg/runtime/serializer/json",
    "pkg/runtime/serializer/protobuf",
    "pkg/runtime/serializer/recognizer",
    "pkg/runtime/serializer/streaming",
    "pkg/runtime/serializer/versioning",
    "pkg/selection",
    "pkg/types",
    "pkg/util/clock",
    "pkg/util/errors",
    "pkg/util/framer",
    "pkg/util/intstr",
    "pkg/util/json",
    "pkg/util/naming",
    "pkg/util/net",
    "pkg/util/runtime",
    "pkg/util/sets",
    "pkg/util/validation",
    "pkg/util/validation/field",
    "pkg/util/yaml",
    "pkg/version",
    "pkg/watch",
    "third_party/forked/golang/reflect",
  ]
  pruneopts = "NUT"
  revision = "f2f3a405f61d6c2cdc0d00687c1b5d90de91e9f0"
  version = "kubernetes-1.15.3"

[[projects]]
  digest = "1:cec3f6dee6691b44331a1be747908a631722875ac475eb11fbf7b63a4d843817"
  name = "k8s.io/client-go"
  packages = [
    "discovery",
    "kubernetes/scheme",
    "kubernetes/typed/apps/v1",
    "kubernetes/typed/core/v1",
    "pkg/apis/clientauthentication",
    "pkg/apis/clientauthentication/v1alpha1",
    "pkg/apis/clientauthentication/v1beta1",
    "pkg/version",
    "plugin/pkg/client/auth/exec",
    "rest",
    "rest/watch",
    "tools/clientcmd/api",
    "tools/metrics",
    "tools/reference",
    "transport",
    "util/cert",
    "util/connrotation",
    "util/flowcontrol",
    "util/homedir",
    "util/keyutil",
  ]
  pruneopts = "NUT"
  revision = "e14f31a72a77f7aa82a95eaf542d1194fb027d04"
  version = "kubernetes-1.15.3"

[[projects]]
  digest = "1:c0693cb981f43d82a767a3217b7640a4bdb341731d3814b38602f4e5dc4f01b3"
  name = "k8s.io/klog"
  packages = ["."]
  pruneopts = "NUT"
  revision = "2ca9ad30301bf30a8a6e0fa2110db6b8df699a91"
  version = "v1.0.0"

[[projects]]
  branch = "master"
  digest = "1:8a5e4720aca8a94c876d960a2b86afcaf98e8ded4b5bd7fe42d920806b292c57"
  name = "k8s.io/utils"
  packages = ["integer"]
  pruneopts = "NUT"
  revision = "dcd0c905194ba97424c4c168fb94fa1c61016559"

[[projects]]
  digest = "1:8730e0150dfb2b7e173890c8b9868e7a273082ef8e39f4940e3506a481cf895c"
  name = "sigs.k8s.io/yaml"
  packages = ["."]
  pruneopts = "NUT"
  revision = "fd68e9863619f6ec2fdd8625fe1f02e7c877e480"
  version = "v1.1.0"

[solve-meta]
  analyzer-name = "dep"
  analyzer-version = 1
  input-imports = [
    "github.com/containers/image/v5/copy",
    "github.com/containers/image/v5/manifest",
    "github.com/containers/image/v5/signature",
    "github.com/containers/image/v5/transports/alltransports",
    "github.com/containers/image/v5/types",
    "github.com/konveyor/openshift-velero-plugin/velero-plugins/build",
    "github.com/konveyor/openshift-velero-plugin/velero-plugins/buildconfig",
    "github.com/konveyor/openshift-velero-plugin/velero-plugins/clients",
    "github.com/konveyor/openshift-velero-plugin/velero-plugins/common",
    "github.com/konveyor/openshift-velero-plugin/velero-plugins/cronjob",
    "github.com/konveyor/openshift-velero-plugin/velero-plugins/daemonset",
    "github.com/konveyor/openshift-velero-plugin/velero-plugins/deployment",
    "github.com/konveyor/openshift-velero-plugin/velero-plugins/deploymentconfig",
    "github.com/konveyor/openshift-velero-plugin/velero-plugins/job",
    "github.com/konveyor/openshift-velero-plugin/velero-plugins/replicaset",
    "github.com/konveyor/openshift-velero-plugin/velero-plugins/replicationcontroller",
    "github.com/konveyor/openshift-velero-plugin/velero-plugins/route",
    "github.com/konveyor/openshift-velero-plugin/velero-plugins/secret",
    "github.com/konveyor/openshift-velero-plugin/velero-plugins/service",
    "github.com/konveyor/openshift-velero-plugin/velero-plugins/serviceaccount",
    "github.com/konveyor/openshift-velero-plugin/velero-plugins/statefulset",
    "github.com/openshift/api/apps/v1",
    "github.com/openshift/api/authorization/v1",
    "github.com/openshift/api/image/v1",
    "github.com/openshift/api/security/v1",
    "github.com/openshift/client-go/security/clientset/versioned/typed/security/v1",
    "github.com/sirupsen/logrus",
    "github.com/vmware-tanzu/velero/pkg/apis/velero/v1",
    "github.com/vmware-tanzu/velero/pkg/plugin/framework",
    "github.com/vmware-tanzu/velero/pkg/plugin/velero",
    "k8s.io/api/apps/v1",
    "k8s.io/api/core/v1",
    "k8s.io/apimachinery/pkg/api/meta",
    "k8s.io/apimachinery/pkg/apis/meta/v1",
    "k8s.io/apimachinery/pkg/apis/meta/v1/unstructured",
    "k8s.io/apimachinery/pkg/runtime",
    "k8s.io/apimachinery/pkg/runtime/schema",
    "k8s.io/client-go/rest",
  ]
  solver-name = "gps-cdcl"
  solver-version = 1
