# This file is autogenerated, do not edit; changes may be undone by the next 'dep ensure'.


[[projects]]
  digest = "1:5d72bbcc9c8667b11c3dc3cbe681c5a6f71e5096744c0bf7726ab5c6425d5dc4"
  name = "github.com/BurntSushi/toml"
  packages = ["."]
  pruneopts = "NUT"
  revision = "3012a1dbe2e4bd1391d42b32f0577cb7bbc7f005"
  version = "v0.3.1"

[[projects]]
  digest = "1:360c7be30f85be4294e3e38958b5f48ff76c9d2e50cc0d987f84a56963592ad3"
  name = "github.com/DataDog/zstd"
  packages = ["."]
  pruneopts = "NUT"
  revision = "809b919c325d7887bff7bd876162af73db53e878"
  version = "v1.4.0"

[[projects]]
  digest = "1:b1147cdc28346f1b7bf4ce8464a3bb6d54d6ce4724f1ab0da56ecb476b1bff11"
  name = "github.com/Microsoft/go-winio"
  packages = [
    ".",
    "archive/tar",
    "backuptar",
  ]
  pruneopts = "NUT"
  revision = "1a8911d1ed007260465c3bfbbc785ac6915a0bb8"
  version = "v0.4.12"

[[projects]]
  digest = "1:a8e16b4caf3575365c9aa3380d9418f31dd0b810596faebfe3a15c37fabeee4a"
  name = "github.com/Microsoft/hcsshim"
  packages = [
    ".",
    "internal/guestrequest",
    "internal/guid",
    "internal/hcs",
    "internal/hcserror",
    "internal/hns",
    "internal/interop",
    "internal/logfields",
    "internal/longpath",
    "internal/mergemaps",
    "internal/safefile",
    "internal/schema1",
    "internal/schema2",
    "internal/timeout",
    "internal/wclayer",
  ]
  pruneopts = "NUT"
  revision = "f92b8fb9c92e17da496af5a69e3ee13fbe9916e1"
  version = "v0.8.6"

[[projects]]
  digest = "1:dde06cba636162cd41df016518e771b1f1e156edadde221e04bd0c35f0564488"
  name = "github.com/VividCortex/ewma"
  packages = ["."]
  pruneopts = "NUT"
  revision = "b24eb346a94c3ba12c1da1e564dbac1b498a77ce"
  version = "v1.1.1"

[[projects]]
  digest = "1:707ebe952a8b3d00b343c01536c79c73771d100f63ec6babeaed5c79e2b8a8dd"
  name = "github.com/beorn7/perks"
  packages = ["quantile"]
  pruneopts = "NUT"
  revision = "4b2b341e8d7715fae06375aa633dbb6e91b3fb46"
  version = "v1.0.0"

[[projects]]
  branch = "master"
  digest = "1:e48c63e818c67fbf3d7afe20bba33134ab1a5bf384847385384fd027652a5a96"
  name = "github.com/containerd/continuity"
  packages = ["pathdriver"]
  pruneopts = "NUT"
  revision = "aaeac12a7ffcd198ae25440a9dff125c2e2703a7"

[[projects]]
  digest = "1:6a7462ce2e5da5e26ff91e609b24e185fdbd68b3a09a2eb039155d97f7a6a813"
  name = "github.com/containers/image"
  packages = [
    "copy",
    "directory",
    "directory/explicitfilepath",
    "docker",
    "docker/archive",
    "docker/daemon",
    "docker/policyconfiguration",
    "docker/reference",
    "docker/tarfile",
    "image",
    "internal/tmpdir",
    "manifest",
    "oci/archive",
    "oci/internal",
    "oci/layout",
    "openshift",
    "ostree",
    "pkg/blobinfocache",
    "pkg/blobinfocache/boltdb",
    "pkg/blobinfocache/internal/prioritize",
    "pkg/blobinfocache/memory",
    "pkg/blobinfocache/none",
    "pkg/compression",
    "pkg/docker/config",
    "pkg/strslice",
    "pkg/sysregistriesv2",
    "pkg/tlsclientconfig",
    "signature",
    "storage",
    "tarball",
    "transports",
    "transports/alltransports",
    "types",
    "version",
  ]
  pruneopts = "NUT"
  revision = "abf32c4ea589cb8e96bdca5a478dba68f11980e5"
  version = "v2.0.0"

[[projects]]
  digest = "1:13885dd76836226cf1a63d4da72dc1b69999d8eec0cad59746b8407a238eb36a"
  name = "github.com/containers/storage"
  packages = [
    ".",
    "drivers",
    "drivers/aufs",
    "drivers/btrfs",
    "drivers/copy",
    "drivers/devmapper",
    "drivers/overlay",
    "drivers/overlayutils",
    "drivers/quota",
    "drivers/register",
    "drivers/vfs",
    "drivers/windows",
    "drivers/zfs",
    "pkg/archive",
    "pkg/chrootarchive",
    "pkg/config",
    "pkg/devicemapper",
    "pkg/directory",
    "pkg/dmesg",
    "pkg/fileutils",
    "pkg/fsutils",
    "pkg/homedir",
    "pkg/idtools",
    "pkg/ioutils",
    "pkg/locker",
    "pkg/longpath",
    "pkg/loopback",
    "pkg/mount",
    "pkg/ostree",
    "pkg/parsers",
    "pkg/parsers/kernel",
    "pkg/pools",
    "pkg/promise",
    "pkg/reexec",
    "pkg/stringid",
    "pkg/stringutils",
    "pkg/system",
    "pkg/truncindex",
  ]
  pruneopts = "NUT"
  revision = "6113e46e64577eb523a2ea6f10bf41a03efb879f"
  version = "v1.12.12"

[[projects]]
  digest = "1:104b2544835a8b79584189f6ea801b21a6ee18105951c11d2494a90b33fab401"
  name = "github.com/docker/distribution"
  packages = [
    ".",
    "digestset",
    "metrics",
    "reference",
    "registry/api/errcode",
    "registry/api/v2",
    "registry/client",
    "registry/client/auth/challenge",
    "registry/client/transport",
    "registry/storage/cache",
    "registry/storage/cache/memory",
  ]
  pruneopts = "NUT"
  revision = "2461543d988979529609e8cb6fca9ca190dc48da"
  version = "v2.7.1"

[[projects]]
  digest = "1:5e915cc2f3f409c8a2109d3e8bcddfa0c1a05429124e3e993d6962d26da02f9e"
  name = "github.com/docker/docker"
  packages = [
    "api",
    "api/types",
    "api/types/blkiodev",
    "api/types/container",
    "api/types/events",
    "api/types/filters",
    "api/types/image",
    "api/types/mount",
    "api/types/network",
    "api/types/registry",
    "api/types/strslice",
    "api/types/swarm",
    "api/types/swarm/runtime",
    "api/types/time",
    "api/types/versions",
    "api/types/volume",
    "client",
    "pkg/homedir",
    "pkg/idtools",
    "pkg/mount",
    "pkg/system",
  ]
  pruneopts = "NUT"
  revision = "da99009bbb1165d1ac5688b5c81d2f589d418341"

[[projects]]
  digest = "1:3d35be2858b1ef8365c4ca66af373602137159cf708e51f91db89c04347501f2"
  name = "github.com/docker/docker-credential-helpers"
  packages = [
    "client",
    "credentials",
  ]
  pruneopts = "NUT"
  revision = "8a9f93a99ff87f416cc79f267c68151af0026f60"
  version = "v0.6.2"

[[projects]]
  digest = "1:2a47f7eb1a2c30428d1ee6808cb66d4deb17e68a3e55d696f03c8068552ba5e8"
  name = "github.com/docker/go-connections"
  packages = [
    "nat",
    "sockets",
    "tlsconfig",
  ]
  pruneopts = "NUT"
  revision = "7395e3f8aa162843a74ed6d48e79627d9792ac55"
  version = "v0.4.0"

[[projects]]
  branch = "master"
  digest = "1:c49ecccb8abda39a5a48a99267d6abfdf37f59f1c7fdbcbe04b3b9afc3ab625d"
  name = "github.com/docker/go-metrics"
  packages = ["."]
  pruneopts = "NUT"
  revision = "b84716841b82eab644a0c64fc8b42d480e49add5"

[[projects]]
  digest = "1:97176fe8a268479a527d08df458c269dc27abf59c1643807d4e36398cbd9ef2d"
  name = "github.com/docker/go-units"
  packages = ["."]
  pruneopts = "NUT"
  revision = "519db1ee28dcc9fd2474ae59fca29a810482bfb1"
  version = "v0.4.0"

[[projects]]
  branch = "master"
  digest = "1:ce43438a8204a4259b4461153a392bc3e504bef7e4785a8192344f002c7bd935"
  name = "github.com/docker/libtrust"
  packages = ["."]
  pruneopts = "NUT"
  revision = "aabc10ec26b754e797f9028f4589c5b7bd90dc20"

[[projects]]
  digest = "1:3a4c90791db3bf894a26cf6ffc0f792a31d0f225664c38b0577f02a36bc0cda7"
  name = "github.com/etcd-io/bbolt"
  packages = ["."]
  pruneopts = "NUT"
  revision = "a0458a2b35708eef59eb5f620ceb3cd1c01a824d"
  version = "v1.3.3"

[[projects]]
  branch = "master"
  digest = "1:81553e0c47100062955deb83888d6cce508a01339db7cb871fdd1f72690efb9a"
  name = "github.com/fusor/openshift-velero-plugin"
  packages = [
    "velero-plugins/build",
    "velero-plugins/clients",
    "velero-plugins/common",
    "velero-plugins/daemonset",
    "velero-plugins/deployment",
    "velero-plugins/deploymentconfig",
    "velero-plugins/job",
    "velero-plugins/replicaset",
    "velero-plugins/replicationcontroller",
    "velero-plugins/route",
    "velero-plugins/serviceaccount",
    "velero-plugins/statefulset",
  ]
  pruneopts = "NUT"
  revision = "b23e5533124393a1ac6333d613438ca51a1eb4a0"

[[projects]]
  digest = "1:81466b4218bf6adddac2572a30ac733a9255919bc2f470b4827a317bd4ee1756"
  name = "github.com/ghodss/yaml"
  packages = ["."]
  pruneopts = "NUT"
  revision = "0ca9ea5df5451ffdf184b4428c902747c2c11cd7"
  version = "v1.0.0"

[[projects]]
  digest = "1:a1b2a5e38f79688ee8250942d5fa960525fceb1024c855c7bc76fa77b0f3cca2"
  name = "github.com/gogo/protobuf"
  packages = [
    "proto",
    "sortkeys",
  ]
  pruneopts = "NUT"
  revision = "ba06b47c162d49f2af050fb4c75bcbc86a159d5c"
  version = "v1.2.1"

[[projects]]
  branch = "master"
  digest = "1:e2b86e41f3d669fc36b50d31d32d22c8ac656c75aa5ea89717ce7177e134ff2a"
  name = "github.com/golang/glog"
  packages = ["."]
  pruneopts = "NUT"
  revision = "23def4e6c14b4da8ac2ed8007337bc5eb5007998"

[[projects]]
  branch = "master"
  digest = "1:796f9c63c68774a89eade387a8476e45ec2b34f5649b0726983204202c3649d6"
  name = "github.com/golang/protobuf"
  packages = [
    "proto",
    "ptypes",
    "ptypes/any",
    "ptypes/duration",
    "ptypes/timestamp",
  ]
  pruneopts = "NUT"
  revision = "b285ee9cfc6c881bb20c0d8dc73370ea9b9ec90f"

[[projects]]
  digest = "1:05f95ffdfcf651bdb0f05b40b69e7f5663047f8da75c72d58728acb59b5cc107"
  name = "github.com/google/btree"
  packages = ["."]
  pruneopts = "NUT"
  revision = "4030bb1f1f0c35b30ca7009e9ebd06849dd45306"
  version = "v1.0.0"

[[projects]]
  digest = "1:52c5834e2bebac9030c97cc0798ac11c3aa8a39f098aeb419f142533da6cd3cc"
  name = "github.com/google/gofuzz"
  packages = ["."]
  pruneopts = "NUT"
  revision = "f140a6486e521aad38f5917de355cbf147cc0496"
  version = "v1.0.0"

[[projects]]
  digest = "1:459a00967aaf06edff3228e128dd243d7c91b0fc11ad2f7ceaa98f094bf66796"
  name = "github.com/googleapis/gnostic"
  packages = [
    "OpenAPIv2",
    "compiler",
    "extensions",
  ]
  pruneopts = "NUT"
  revision = "e73c7ec21d36ddb0711cb36d1502d18363b5c2c9"
  version = "v0.3.0"

[[projects]]
  digest = "1:3c8c26bb118e3f02230d4f5f30b972dbfe0c6b371acea8f190aa99ceaaae7028"
  name = "github.com/gorilla/mux"
  packages = ["."]
  pruneopts = "NUT"
  revision = "00bdffe0f3c77e27d2cf6f5c70232a2d3e4d9c15"
  version = "v1.7.3"

[[projects]]
  branch = "master"
  digest = "1:a86d65bc23eea505cd9139178e4d889733928fe165c7a008f41eaab039edf9df"
  name = "github.com/gregjones/httpcache"
  packages = [
    ".",
    "diskcache",
  ]
  pruneopts = "NUT"
  revision = "901d90724c7919163f472a9812253fb26761123d"

[[projects]]
  digest = "1:2d5c50fd90deb2a3f75e344a2363b675999726f8c6ca9d23821ef3caa1e7948e"
  name = "github.com/hashicorp/go-hclog"
  packages = ["."]
  pruneopts = "NUT"
  revision = "5ccdce08c75b6c7b37af61159f13f6a4f5e2e928"
  version = "v0.9.2"

[[projects]]
  digest = "1:143aae8d04a6133eea9c6400b90a1f47ae1100b48a1636160aba861d1b26c5b2"
  name = "github.com/hashicorp/go-plugin"
  packages = [
    ".",
    "internal/plugin",
  ]
  pruneopts = "NUT"
  revision = "3f118e8ee104b6f22aeb12453fab56aed1356186"

[[projects]]
  branch = "master"
  digest = "1:8deb0c5545c824dfeb0ac77ab8eb67a3d541eab76df5c85ce93064ef02d44cd0"
  name = "github.com/hashicorp/yamux"
  packages = ["."]
  pruneopts = "NUT"
  revision = "2f1d1f20f75d5404f53b9edf6b53ed5505508675"

[[projects]]
  branch = "fusor-dev"
  digest = "1:c895a3a027647f87e8b0adc710221c25ae0302529327b5aff356ee367c46486e"
  name = "github.com/heptio/velero"
  packages = [
    "pkg/apis/velero/v1",
    "pkg/cmd/util/flag",
    "pkg/plugin/framework",
    "pkg/plugin/generated",
    "pkg/plugin/velero",
    "pkg/util/logging",
  ]
  pruneopts = "NUT"
  revision = "93750b31b8b3cdccde99f06a1d478b881633a387"
  source = "github.com/fusor/velero.git"

[[projects]]
  digest = "1:aaa38889f11896ee3644d77e17dc7764cc47f5f3d3b488268df2af2b52541c5f"
  name = "github.com/imdario/mergo"
  packages = ["."]
  pruneopts = "NUT"
  revision = "7c29201646fa3de8506f701213473dd407f19646"
  version = "v0.3.7"

[[projects]]
  digest = "1:406338ad39ab2e37b7f4452906442a3dbf0eb3379dd1f06aafb5c07e769a5fbb"
  name = "github.com/inconshreveable/mousetrap"
  packages = ["."]
  pruneopts = "NUT"
  revision = "76626ae9c91c4f2a10f34cad8ce83ea42c93bb75"
  version = "v1.0"

[[projects]]
  digest = "1:0243cffa4a3410f161ee613dfdd903a636d07e838a42d341da95d81f42cd1d41"
  name = "github.com/json-iterator/go"
  packages = ["."]
  pruneopts = "NUT"
  revision = "f2b4162afba35581b6d4a50d3b8f34e33c144682"

[[projects]]
  digest = "1:2add1a2bd5034733f485898c817d4cf3c767c3a08962ad08cc860dd0e9d73580"
  name = "github.com/klauspost/compress"
  packages = ["flate"]
  pruneopts = "NUT"
  revision = "7a873649b01a9669308e8d58b6bcbbccc0b06b5d"
  version = "v1.7.1"

[[projects]]
  digest = "1:7dc14952637aea1ef99bc1d9ad1374ddf0fa10d7b608cf5cb72d3f4fa7e4b579"
  name = "github.com/klauspost/cpuid"
  packages = ["."]
  pruneopts = "NUT"
  revision = "05a8198c0f5a27739aec358908d7e12c64ce6eb7"
  version = "v1.2.1"

[[projects]]
  digest = "1:f3f3545a30b934b75ad9cf9c7e9543f84f1d1aee3e534f6d01ab1776fa519fb9"
  name = "github.com/klauspost/pgzip"
  packages = ["."]
  pruneopts = "NUT"
  revision = "083b1c3f84dd6486588802e5ce295de3a7f41a8b"
  version = "v1.2.1"

[[projects]]
  digest = "1:58999a98719fddbac6303cb17e8d85b945f60b72f48e3a2df6b950b97fa926f1"
  name = "github.com/konsorten/go-windows-terminal-sequences"
  packages = ["."]
  pruneopts = "NUT"
  revision = "f55edac94c9bbba5d6182a4be46d86a2c9b5b50e"
  version = "v1.0.2"

[[projects]]
  digest = "1:666428435471609937bd13f56e2e31501b5660ffc44a786cf2217dc53291a604"
  name = "github.com/mattn/go-isatty"
  packages = ["."]
  pruneopts = "NUT"
  revision = "1311e847b0cb909da63b5fecfb5370aa66236465"
  version = "v0.0.8"

[[projects]]
  digest = "1:0ccf6c8a242d305921b153ded748c30a98f92b2da5c57f8f0d3d775a81dc607a"
  name = "github.com/mattn/go-shellwords"
  packages = ["."]
  pruneopts = "NUT"
  revision = "a72fbe27a1b0ed0df2f02754945044ce1456608b"
  version = "v1.0.5"

[[projects]]
  digest = "1:5985ef4caf91ece5d54817c11ea25f182697534f8ae6521eadcd628c142ac4b6"
  name = "github.com/matttproud/golang_protobuf_extensions"
  packages = ["pbutil"]
  pruneopts = "NUT"
  revision = "c12348ce28de40eed0136aa2b644d0ee0650e56c"
  version = "v1.0.1"

[[projects]]
  digest = "1:7a1d6263dc82155642583b60ec7f7d8aba3bc65bc5c8aabc23b4efb6b4fcc4f0"
  name = "github.com/mistifyio/go-zfs"
  packages = ["."]
  pruneopts = "NUT"
  revision = "cdc0f941c4d0e0e94d85348285568d921891e138"
  version = "v2.1.1"

[[projects]]
  digest = "1:18b773b92ac82a451c1276bd2776c1e55ce057ee202691ab33c8d6690efcc048"
  name = "github.com/mitchellh/go-testing-interface"
  packages = ["."]
  pruneopts = "NUT"
  revision = "6d0b8010fcc857872e42fc6c931227569016843c"
  version = "v1.0.0"

[[projects]]
  digest = "1:2f42fa12d6911c7b7659738758631bec870b7e9b4c6be5444f963cdcfccc191f"
  name = "github.com/modern-go/concurrent"
  packages = ["."]
  pruneopts = "NUT"
  revision = "bacd9c7ef1dd9b15be4a9909b8ac7a4e313eec94"
  version = "1.0.3"

[[projects]]
  digest = "1:c6aca19413b13dc59c220ad7430329e2ec454cc310bc6d8de2c7e2b93c18a0f6"
  name = "github.com/modern-go/reflect2"
  packages = ["."]
  pruneopts = "NUT"
  revision = "4b7aa43c6742a2c18fdef89dd197aaae7dac7ccd"
  version = "1.0.1"

[[projects]]
  branch = "master"
  digest = "1:88a19b9585da51239884c1e556bfc9989dbd4361221a4a20497dedff9fce55c3"
  name = "github.com/mtrmac/gpgme"
  packages = ["."]
  pruneopts = "NUT"
  revision = "b2432428689ca58c2b8e8dea9449d3295cf96fc9"

[[projects]]
  digest = "1:3b517122f3aad1ecce45a630ea912b3092b4729f25532a911d0cb2935a1f9352"
  name = "github.com/oklog/run"
  packages = ["."]
  pruneopts = "NUT"
  revision = "4dadeb3030eda0273a12382bb2348ffc7c9d1a39"
  version = "v1.0.0"

[[projects]]
  digest = "1:e0cc8395ea893c898ff5eb0850f4d9851c1f57c78c232304a026379a47a552d0"
  name = "github.com/opencontainers/go-digest"
  packages = ["."]
  pruneopts = "NUT"
  revision = "279bed98673dd5bef374d3b6e4b09e2af76183bf"
  version = "v1.0.0-rc1"

[[projects]]
  digest = "1:11db38d694c130c800d0aefb502fb02519e514dc53d9804ce51d1ad25ec27db6"
  name = "github.com/opencontainers/image-spec"
  packages = [
    "specs-go",
    "specs-go/v1",
  ]
  pruneopts = "NUT"
  revision = "d60099175f88c47cd379c4738d158884749ed235"
  version = "v1.0.1"

[[projects]]
  digest = "1:ea8780346eba74e5eb3e8b6bded2ec46c1c81cd745bc00e9964b730955bf4252"
  name = "github.com/opencontainers/runc"
  packages = [
    "libcontainer/system",
    "libcontainer/user",
  ]
  pruneopts = "NUT"
  revision = "baf6536d6259209c3edfa2b22237af82942d3dfa"
  version = "v0.1.1"

[[projects]]
  digest = "1:3e824b6fb758a8b021d30b613d84e7404d06d33c8f43f92baed633427836736c"
  name = "github.com/opencontainers/selinux"
  packages = [
    "go-selinux",
    "go-selinux/label",
  ]
  pruneopts = "NUT"
  revision = "3a1f366feb7aecbf7a0e71ac4cea88b31597de9e"
  version = "v1.2.2"

[[projects]]
  branch = "release-4.2"
  digest = "1:7583af0df047d995963c540bad2b21226ef784511b70f60154c3b7a59e42b159"
  name = "github.com/openshift/api"
  packages = [
    "apps/v1",
    "build/v1",
    "image/docker10",
    "image/dockerpre012",
    "image/v1",
    "route/v1",
  ]
  pruneopts = "NUT"
  revision = "de5ca909c7322bb8d06fa5a9e5604491b373da52"

[[projects]]
  branch = "release-4.2"
  digest = "1:ea3f3bb44a5246b506bdbd1aad6ef6241659af6d8aba79dd8a85a9e0049c7e8c"
  name = "github.com/openshift/client-go"
  packages = [
    "apps/clientset/versioned/scheme",
    "apps/clientset/versioned/typed/apps/v1",
    "build/clientset/versioned/scheme",
    "build/clientset/versioned/typed/build/v1",
    "image/clientset/versioned/scheme",
    "image/clientset/versioned/typed/image/v1",
    "route/clientset/versioned/scheme",
    "route/clientset/versioned/typed/route/v1",
  ]
  pruneopts = "NUT"
  revision = "c44a8b61b9f46cd9e802384dfeda0bc9942db68a"

[[projects]]
  branch = "release-4.2"
  digest = "1:d7da23741e2be291bda3be66c16887a9bbebf48a1ea133a5fcd210c02b8ccee0"
  name = "github.com/openshift/library-go"
  packages = [
    "pkg/image/internal/digest",
    "pkg/image/internal/reference",
    "pkg/image/reference",
  ]
  pruneopts = "NUT"
  revision = "16a370625b52c7958783b8f74de58317236da6b4"

[[projects]]
  branch = "master"
  digest = "1:d08d0a1d96fa34d405352a249e3de70c0a6ea122db2a3c72da1df6567aa2f20f"
  name = "github.com/ostreedev/ostree-go"
  packages = [
    "pkg/glibobject",
    "pkg/otbuiltin",
  ]
  pruneopts = "NUT"
  revision = "d0388bd827cfac6fa8eec760246eb8375674b2a0"

[[projects]]
  branch = "master"
  digest = "1:89da0f0574bc94cfd0ac8b59af67bf76cdd110d503df2721006b9f0492394333"
  name = "github.com/petar/GoLLRB"
  packages = ["llrb"]
  pruneopts = "NUT"
  revision = "33fb24c13b99c46c93183c291836c573ac382536"

[[projects]]
  digest = "1:e1b94bd98c62fc2f905621fc6ba8209b7004e4513a1dfecb12a3de56ec2bb519"
  name = "github.com/peterbourgon/diskv"
  packages = ["."]
  pruneopts = "NUT"
  revision = "0be1b92a6df0e4f5cb0a5d15fb7f643d0ad93ce6"
  version = "v3.0.0"

[[projects]]
  digest = "1:14715f705ff5dfe0ffd6571d7d201dd8e921030f8070321a79380d8ca4ec1a24"
  name = "github.com/pkg/errors"
  packages = ["."]
  pruneopts = "NUT"
  revision = "ba968bfe8b2f7e042a574c888954fccecfa385b4"
  version = "v0.8.1"

[[projects]]
  branch = "master"
  digest = "1:9d9989e96f765584e1b58e7f23e1b94740deb282fd363e5e7c5b5e30ae7b7c2c"
  name = "github.com/pquerna/ffjson"
  packages = [
    "fflib/v1",
    "fflib/v1/internal",
  ]
  pruneopts = "NUT"
  revision = "e517b90714f7c0eabe6d2e570a5886ae077d6db6"

[[projects]]
  digest = "1:097cc61836050f45cbb712ae3bb45d66fba464c16b8fac09907fa3c1f753eff6"
  name = "github.com/prometheus/client_golang"
  packages = [
    "prometheus",
    "prometheus/internal",
    "prometheus/promhttp",
  ]
  pruneopts = "NUT"
  revision = "4ab88e80c249ed361d3299e2930427d9ac43ef8d"
  version = "v1.0.0"

[[projects]]
  branch = "master"
  digest = "1:2d5cd61daa5565187e1d96bae64dbbc6080dacf741448e9629c64fd93203b0d4"
  name = "github.com/prometheus/client_model"
  packages = ["go"]
  pruneopts = "NUT"
  revision = "fd36f4220a901265f90734c3183c5f0c91daa0b8"

[[projects]]
  digest = "1:d03ca24670416dc8fccc78b05d6736ec655416ca7db0a028e8fb92cfdfe3b55e"
  name = "github.com/prometheus/common"
  packages = [
    "expfmt",
    "internal/bitbucket.org/ww/goautoneg",
    "model",
  ]
  pruneopts = "NUT"
  revision = "31bed53e4047fd6c510e43a941f90cb31be0972a"
  version = "v0.6.0"

[[projects]]
  digest = "1:19305fc369377c111c865a7a01e11c675c57c52a932353bbd4ea360bd5b72d99"
  name = "github.com/prometheus/procfs"
  packages = [
    ".",
    "internal/fs",
  ]
  pruneopts = "NUT"
  revision = "3f98efb27840a48a7a2898ec80be07674d19f9c8"
  version = "v0.0.3"

[[projects]]
  digest = "1:f4aaa07a6c33f2b354726d0571acbc8ca118837c75709f6353203ae1a3f8eeab"
  name = "github.com/sirupsen/logrus"
  packages = ["."]
  pruneopts = "NUT"
  revision = "839c75faf7f98a33d445d181f3018b5c3409a45e"
  version = "v1.4.2"

[[projects]]
  digest = "1:d3533ee568fc00a971617ec09dc0f0b3eddfb4adbc1275f8f6332553d67506b4"
  name = "github.com/spf13/cobra"
  packages = ["."]
  pruneopts = "NUT"
  revision = "f2b07da1e2c38d5f12845a4f607e2e1018cbb1f5"
  version = "v0.0.5"

[[projects]]
  digest = "1:9d8420bbf131d1618bde6530af37c3799340d3762cc47210c1d9532a4c3a2779"
  name = "github.com/spf13/pflag"
  packages = ["."]
  pruneopts = "NUT"
  revision = "298182f68c66c05229eb03ac171abe6e309ee79a"
  version = "v1.0.3"

[[projects]]
  branch = "master"
  digest = "1:e14e467ed00ab98665623c5060fa17e3d7079be560ffc33cabafd05d35894f05"
  name = "github.com/syndtr/gocapability"
  packages = ["capability"]
  pruneopts = "NUT"
  revision = "d98352740cb2c55f81556b63d4a1ec64c5a319c2"

[[projects]]
  digest = "1:fb774e3bb85aaa1eba3f2b9fc232bb2b045adc977d33d24cf553e51aac955bfa"
  name = "github.com/tchap/go-patricia"
  packages = ["patricia"]
  pruneopts = "NUT"
  revision = "a7f0089c6f496e8e70402f61733606daa326cac5"
  version = "v2.3.0"

[[projects]]
  digest = "1:5f252b001e9573efb54ffae53b96bb5bfa4963afec4f35d607121ebb4a4dff81"
  name = "github.com/ulikunitz/xz"
  packages = [
    ".",
    "internal/hash",
    "internal/xlog",
    "lzma",
  ]
  pruneopts = "NUT"
  revision = "6f934d456d51e742b4eeab20d925a827ef22320a"
  version = "v0.5.6"

[[projects]]
  digest = "1:89ad20dbfd31a97fb68c073cd1e6ed32bdcee9c0086d5428009c89680a2d1ff5"
  name = "github.com/vbatts/tar-split"
  packages = [
    "archive/tar",
    "tar/asm",
    "tar/storage",
  ]
  pruneopts = "NUT"
  revision = "620714a4c508c880ac1bdda9c8370a2b19af1a55"
  version = "v0.11.1"

[[projects]]
  digest = "1:30c92212885543dc7751d972580b70851bf93545c8994f7396529f5a75fada65"
  name = "github.com/vbauerster/mpb"
  packages = [
    ".",
    "cwriter",
    "decor",
    "internal",
  ]
  pruneopts = "NUT"
  revision = "b1fa246876b8398a7e3aad2000ef5c0b1a0b58fe"
  version = "v3.4.0"

[[projects]]
  branch = "master"
  digest = "1:e770fca694de6d53025c299f5dffe4a315151a67489f29cb3ec0757e2916c407"
  name = "golang.org/x/crypto"
  packages = [
    "cast5",
    "openpgp",
    "openpgp/armor",
    "openpgp/elgamal",
    "openpgp/errors",
    "openpgp/packet",
    "openpgp/s2k",
    "ssh/terminal",
  ]
  pruneopts = "NUT"
  revision = "4def268fd1a49955bfb3dda92fe3db4f924f2285"

[[projects]]
  branch = "master"
  digest = "1:dd2f25ad5e3c07e336b543c88c8c690e3f56082a80d23b725b6ee8b96960ac8d"
  name = "golang.org/x/net"
  packages = [
    "context",
    "context/ctxhttp",
    "http/httpguts",
    "http2",
    "http2/hpack",
    "idna",
    "internal/socks",
    "internal/timeseries",
    "proxy",
    "trace",
  ]
  pruneopts = "NUT"
  revision = "da137c7871d730100384dbcf36e6f8fa493aef5b"

[[projects]]
  branch = "master"
  digest = "1:f3a2e6d7423b8c19cdb2203cda9672900cc43012ea69f30ff6874dd453f44aec"
  name = "golang.org/x/oauth2"
  packages = [
    ".",
    "internal",
  ]
  pruneopts = "NUT"
  revision = "0f29369cfe4552d0e4bcddc57cc75f4d7e672a33"

[[projects]]
  branch = "master"
  digest = "1:382bb5a7fb4034db3b6a2d19e5a4a6bcf52f4750530603c01ca18a172fa3089b"
  name = "golang.org/x/sync"
  packages = ["semaphore"]
  pruneopts = "NUT"
  revision = "112230192c580c3556b8cee6403af37a4fc5f28c"

[[projects]]
  digest = "1:51bfac9fe01b6a949bfed6db70b00bada281f0d64e5296ec644163aa977bfee0"
  name = "golang.org/x/sys"
  packages = [
    "unix",
    "windows",
  ]
  pruneopts = "NUT"
  revision = "1c9583448a9c3aa0f9a6a5241bf73c0bd8aafded"

[[projects]]
  digest = "1:8d8faad6b12a3a4c819a3f9618cb6ee1fa1cfc33253abeeea8b55336721e3405"
  name = "golang.org/x/text"
  packages = [
    "collate",
    "collate/build",
    "internal/colltab",
    "internal/gen",
    "internal/language",
    "internal/language/compact",
    "internal/tag",
    "internal/triegen",
    "internal/ucd",
    "language",
    "secure/bidirule",
    "transform",
    "unicode/bidi",
    "unicode/cldr",
    "unicode/norm",
    "unicode/rangetable",
  ]
  pruneopts = "NUT"
  revision = "342b2e1fbaa52c93f31447ad2c6abc048c63e475"
  version = "v0.3.2"

[[projects]]
  branch = "master"
  digest = "1:9fdc2b55e8e0fafe4b41884091e51e77344f7dc511c5acedcfd98200003bff90"
  name = "golang.org/x/time"
  packages = ["rate"]
  pruneopts = "NUT"
  revision = "9d24e82272b4f38b78bc8cff74fa936d31ccd8ef"

[[projects]]
  digest = "1:372cd8eba449f9b6db06677d0e73fa193ec5b19aaee148f355503ab6127045ca"
  name = "google.golang.org/appengine"
  packages = [
    "internal",
    "internal/base",
    "internal/datastore",
    "internal/log",
    "internal/remote_api",
    "internal/urlfetch",
    "urlfetch",
  ]
  pruneopts = "NUT"
  revision = "b2f4a3cf3c67576a2ee09e1fe62656a5086ce880"
  version = "v1.6.1"

[[projects]]
  branch = "master"
  digest = "1:583a0c80f5e3a9343d33aea4aead1e1afcc0043db66fdf961ddd1fe8cd3a4faf"
  name = "google.golang.org/genproto"
  packages = ["googleapis/rpc/status"]
  pruneopts = "NUT"
  revision = "eb59cef1c072c61ea4f7623910448d5e9c6a4455"

[[projects]]
  digest = "1:0b1629e326b8754726e94f2c3acc87fbc6669a6c1e36ab059bdde62462ccd1a2"
  name = "google.golang.org/grpc"
  packages = [
    ".",
    "balancer",
    "balancer/base",
    "balancer/roundrobin",
    "binarylog/grpc_binarylog_v1",
    "codes",
    "connectivity",
    "credentials",
    "credentials/internal",
    "encoding",
    "encoding/proto",
    "grpclog",
    "health",
    "health/grpc_health_v1",
    "internal",
    "internal/backoff",
    "internal/binarylog",
    "internal/channelz",
    "internal/envconfig",
    "internal/grpcrand",
    "internal/grpcsync",
    "internal/syscall",
    "internal/transport",
    "keepalive",
    "metadata",
    "naming",
    "peer",
    "resolver",
    "resolver/dns",
    "resolver/passthrough",
    "stats",
    "status",
    "tap",
  ]
  pruneopts = "NUT"
  revision = "3507fb8e1a5ad030303c106fef3a47c9fdad16ad"
  version = "v1.19.1"

[[projects]]
  digest = "1:2d1fbdc6777e5408cabeb02bf336305e724b925ff4546ded0fa8715a7267922a"
  name = "gopkg.in/inf.v0"
  packages = ["."]
  pruneopts = "NUT"
  revision = "d2d2541c53f18d2a059457998ce2876cc8e67cbf"
  version = "v0.9.1"

[[projects]]
  digest = "1:18108594151654e9e696b27b181b953f9a90b16bf14d253dd1b397b025a1487f"
  name = "gopkg.in/yaml.v2"
  packages = ["."]
  pruneopts = "NUT"
  revision = "51d6538a90f86fe93ac480b35f37b2be17fef232"
  version = "v2.2.2"

[[projects]]
  digest = "1:c6b0cfc418f5e8bb9169d78f1024cb1c9f3e61c9a76235134d26d3f28ecdf27b"
  name = "k8s.io/api"
  packages = [
    "admissionregistration/v1alpha1",
    "admissionregistration/v1beta1",
    "apps/v1",
    "apps/v1beta1",
    "apps/v1beta2",
    "authentication/v1",
    "authentication/v1beta1",
    "authorization/v1",
    "authorization/v1beta1",
    "autoscaling/v1",
    "autoscaling/v2beta1",
    "autoscaling/v2beta2",
    "batch/v1",
    "batch/v1beta1",
    "batch/v2alpha1",
    "certificates/v1beta1",
    "coordination/v1beta1",
    "core/v1",
    "events/v1beta1",
    "extensions/v1beta1",
    "networking/v1",
    "policy/v1beta1",
    "rbac/v1",
    "rbac/v1alpha1",
    "rbac/v1beta1",
    "scheduling/v1alpha1",
    "scheduling/v1beta1",
    "settings/v1alpha1",
    "storage/v1",
    "storage/v1alpha1",
    "storage/v1beta1",
  ]
  pruneopts = "NUT"
  revision = "fd83cbc87e7632ccd8bbab63d2b673d4e0c631cc"
  version = "kubernetes-1.12.0"

[[projects]]
  digest = "1:0a037ad8c4d341243f84b106ece780fb3cad26828908c0fa7c6576d8a50c5c85"
  name = "k8s.io/apimachinery"
  packages = [
    "pkg/api/errors",
    "pkg/api/meta",
    "pkg/api/resource",
    "pkg/apis/meta/v1",
    "pkg/apis/meta/v1/unstructured",
    "pkg/apis/meta/v1beta1",
    "pkg/conversion",
    "pkg/conversion/queryparams",
    "pkg/fields",
    "pkg/labels",
    "pkg/runtime",
    "pkg/runtime/schema",
    "pkg/runtime/serializer",
    "pkg/runtime/serializer/json",
    "pkg/runtime/serializer/protobuf",
    "pkg/runtime/serializer/recognizer",
    "pkg/runtime/serializer/streaming",
    "pkg/runtime/serializer/versioning",
    "pkg/selection",
    "pkg/types",
    "pkg/util/clock",
    "pkg/util/errors",
    "pkg/util/framer",
    "pkg/util/intstr",
    "pkg/util/json",
    "pkg/util/naming",
    "pkg/util/net",
    "pkg/util/runtime",
    "pkg/util/sets",
    "pkg/util/validation",
    "pkg/util/validation/field",
    "pkg/util/yaml",
    "pkg/version",
    "pkg/watch",
    "third_party/forked/golang/reflect",
  ]
  pruneopts = "NUT"
  revision = "6dd46049f39503a1fc8d65de4bd566829e95faff"
  version = "kubernetes-1.12.0"

[[projects]]
  digest = "1:4d14f9b1d3e46ed66510e1edd9ca79d0590a69307c22db57cf19e0503f7c1f5d"
  name = "k8s.io/client-go"
  packages = [
    "discovery",
    "kubernetes/scheme",
    "kubernetes/typed/apps/v1",
    "kubernetes/typed/core/v1",
    "pkg/apis/clientauthentication",
    "pkg/apis/clientauthentication/v1alpha1",
    "pkg/apis/clientauthentication/v1beta1",
    "pkg/version",
    "plugin/pkg/client/auth/exec",
    "rest",
    "rest/watch",
    "tools/clientcmd/api",
    "tools/metrics",
    "tools/reference",
    "transport",
    "util/cert",
    "util/connrotation",
    "util/flowcontrol",
    "util/homedir",
    "util/integer",
  ]
  pruneopts = "NUT"
  revision = "701b913670036511e3d752318272c97f1a2a2edd"
  version = "kubernetes-1.12.5"

[solve-meta]
  analyzer-name = "dep"
  analyzer-version = 1
  input-imports = [
    "github.com/containers/image/copy",
    "github.com/containers/image/signature",
    "github.com/containers/image/transports/alltransports",
    "github.com/containers/image/types",
    "github.com/fusor/openshift-velero-plugin/velero-plugins/build",
    "github.com/fusor/openshift-velero-plugin/velero-plugins/clients",
    "github.com/fusor/openshift-velero-plugin/velero-plugins/common",
    "github.com/fusor/openshift-velero-plugin/velero-plugins/daemonset",
    "github.com/fusor/openshift-velero-plugin/velero-plugins/deployment",
    "github.com/fusor/openshift-velero-plugin/velero-plugins/deploymentconfig",
    "github.com/fusor/openshift-velero-plugin/velero-plugins/job",
    "github.com/fusor/openshift-velero-plugin/velero-plugins/replicaset",
    "github.com/fusor/openshift-velero-plugin/velero-plugins/replicationcontroller",
    "github.com/fusor/openshift-velero-plugin/velero-plugins/route",
    "github.com/fusor/openshift-velero-plugin/velero-plugins/serviceaccount",
    "github.com/fusor/openshift-velero-plugin/velero-plugins/statefulset",
    "github.com/heptio/velero/pkg/apis/velero/v1",
    "github.com/heptio/velero/pkg/plugin/framework",
    "github.com/heptio/velero/pkg/plugin/velero",
    "github.com/openshift/api/apps/v1",
    "github.com/openshift/api/image/v1",
    "github.com/sirupsen/logrus",
    "k8s.io/api/apps/v1",
    "k8s.io/api/core/v1",
    "k8s.io/apimachinery/pkg/apis/meta/v1",
    "k8s.io/apimachinery/pkg/apis/meta/v1/unstructured",
    "k8s.io/apimachinery/pkg/runtime",
    "k8s.io/apimachinery/pkg/runtime/schema",
    "k8s.io/client-go/rest",
  ]
  solver-name = "gps-cdcl"
  solver-version = 1
